# This file is automatically @generated by Cargo.
# It is not intended for manual editing.
version = 4

[[package]]
name = "stfx"
version = "0.1.0"
dependencies = [
 "stfx-crypto",
]

[[package]]
name = "stfx-cesr"
version = "0.1.0"

[[package]]
name = "stfx-cred-exchange"
version = "0.1.0"

[[package]]
name = "stfx-crypto"
version = "0.1.0"

[[package]]
name = "stfx-js"
version = "0.1.0"

[[package]]
name = "stfx-keys"
version = "0.1.0"

[[package]]
name = "stfx-kotlin"
version = "0.1.0"

[[package]]
name = "stfx-layer2"
version = "0.1.0"

[[package]]
name = "stfx-layer3"
version = "0.1.0"

[[package]]
name = "stfx-python"
version = "0.1.0"

[[package]]
name = "stfx-server"
version = "0.1.0"

[[package]]
name = "stfx-test-utils"
version = "0.1.0"

[[package]]
name = "stfx-tsp"
version = "0.1.0"

[[package]]
name = "stfx-vid"
version = "0.1.0"

[[package]]
name = "stfx-wasm"
version = "0.1.0"

[[package]]
name = "tsp-hello-rust"
version = "0.1.0"
